Microsoft Visual Studio Solution File, Format Version 12.00
# Visual Studio 15
VisualStudioVersion = 15.0.26730.16
MinimumVisualStudioVersion = 15.0.26124.0
Project("{9A19103F-16F7-4668-BE54-9A1E7A4F7556}") = "campanhabrinquedo.domain", "campanhabrinquedo.domain\campanhabrinquedo.domain.csproj", "{8704363C-7EDD-489D-A395-6ED1CAF4A332}"
EndProject
Project("{9A19103F-16F7-4668-BE54-9A1E7A4F7556}") = "campanhabrinquedo.webapi", "campanhabrinquedo.webapi\campanhabrinquedo.webapi.csproj", "{B165254A-29C3-4F73-89C3-C8263A1F6180}"
EndProject
Project("{9A19103F-16F7-4668-BE54-9A1E7A4F7556}") = "campanhabrinquedo.service", "campanhabrinquedo.service\campanhabrinquedo.service.csproj", "{8E07ACE0-848B-4877-A07C-F685B28315C3}"
EndProject
Project("{9A19103F-16F7-4668-BE54-9A1E7A4F7556}") = "campanhabrinquedo.tests", "campanhabrinquedo.tests\campanhabrinquedo.tests.csproj", "{BE1FCE38-9293-4D03-87AF-663A429E68BA}"
EndProject
Project("{9A19103F-16F7-4668-BE54-9A1E7A4F7556}") = "campanhabrinquedo.repository", "campanhabrinquedo.repository\campanhabrinquedo.repository.csproj", "{472B8651-1464-4D7F-889F-02953094E8F1}"
EndProject
Global
	GlobalSection(SolutionConfigurationPlatforms) = preSolution
		Debug|Any CPU = Debug|Any CPU
		Debug|x64 = Debug|x64
		Debug|x86 = Debug|x86
		Release|Any CPU = Release|Any CPU
		Release|x64 = Release|x64
		Release|x86 = Release|x86
	EndGlobalSection
	GlobalSection(ProjectConfigurationPlatforms) = postSolution
		{8704363C-7EDD-489D-A395-6ED1CAF4A332}.Debug|Any CPU.ActiveCfg = Debug|Any CPU
		{8704363C-7EDD-489D-A395-6ED1CAF4A332}.Debug|Any CPU.Build.0 = Debug|Any CPU
		{8704363C-7EDD-489D-A395-6ED1CAF4A332}.Debug|x64.ActiveCfg = Debug|Any CPU
		{8704363C-7EDD-489D-A395-6ED1CAF4A332}.Debug|x64.Build.0 = Debug|Any CPU
		{8704363C-7EDD-489D-A395-6ED1CAF4A332}.Debug|x86.ActiveCfg = Debug|Any CPU
		{8704363C-7EDD-489D-A395-6ED1CAF4A332}.Debug|x86.Build.0 = Debug|Any CPU
		{8704363C-7EDD-489D-A395-6ED1CAF4A332}.Release|Any CPU.ActiveCfg = Release|Any CPU
		{8704363C-7EDD-489D-A395-6ED1CAF4A332}.Release|Any CPU.Build.0 = Release|Any CPU
		{8704363C-7EDD-489D-A395-6ED1CAF4A332}.Release|x64.ActiveCfg = Release|Any CPU
		{8704363C-7EDD-489D-A395-6ED1CAF4A332}.Release|x64.Build.0 = Release|Any CPU
		{8704363C-7EDD-489D-A395-6ED1CAF4A332}.Release|x86.ActiveCfg = Release|Any CPU
		{8704363C-7EDD-489D-A395-6ED1CAF4A332}.Release|x86.Build.0 = Release|Any CPU
		{B165254A-29C3-4F73-89C3-C8263A1F6180}.Debug|Any CPU.ActiveCfg = Debug|Any CPU
		{B165254A-29C3-4F73-89C3-C8263A1F6180}.Debug|Any CPU.Build.0 = Debug|Any CPU
		{B165254A-29C3-4F73-89C3-C8263A1F6180}.Debug|x64.ActiveCfg = Debug|Any CPU
		{B165254A-29C3-4F73-89C3-C8263A1F6180}.Debug|x64.Build.0 = Debug|Any CPU
		{B165254A-29C3-4F73-89C3-C8263A1F6180}.Debug|x86.ActiveCfg = Debug|Any CPU
		{B165254A-29C3-4F73-89C3-C8263A1F6180}.Debug|x86.Build.0 = Debug|Any CPU
		{B165254A-29C3-4F73-89C3-C8263A1F6180}.Release|Any CPU.ActiveCfg = Release|Any CPU
		{B165254A-29C3-4F73-89C3-C8263A1F6180}.Release|Any CPU.Build.0 = Release|Any CPU
		{B165254A-29C3-4F73-89C3-C8263A1F6180}.Release|x64.ActiveCfg = Release|Any CPU
		{B165254A-29C3-4F73-89C3-C8263A1F6180}.Release|x64.Build.0 = Release|Any CPU
		{B165254A-29C3-4F73-89C3-C8263A1F6180}.Release|x86.ActiveCfg = Release|Any CPU
		{B165254A-29C3-4F73-89C3-C8263A1F6180}.Release|x86.Build.0 = Release|Any CPU
		{8E07ACE0-848B-4877-A07C-F685B28315C3}.Debug|Any CPU.ActiveCfg = Debug|Any CPU
		{8E07ACE0-848B-4877-A07C-F685B28315C3}.Debug|Any CPU.Build.0 = Debug|Any CPU
		{8E07ACE0-848B-4877-A07C-F685B28315C3}.Debug|x64.ActiveCfg = Debug|Any CPU
		{8E07ACE0-848B-4877-A07C-F685B28315C3}.Debug|x64.Build.0 = Debug|Any CPU
		{8E07ACE0-848B-4877-A07C-F685B28315C3}.Debug|x86.ActiveCfg = Debug|Any CPU
		{8E07ACE0-848B-4877-A07C-F685B28315C3}.Debug|x86.Build.0 = Debug|Any CPU
		{8E07ACE0-848B-4877-A07C-F685B28315C3}.Release|Any CPU.ActiveCfg = Release|Any CPU
		{8E07ACE0-848B-4877-A07C-F685B28315C3}.Release|Any CPU.Build.0 = Release|Any CPU
		{8E07ACE0-848B-4877-A07C-F685B28315C3}.Release|x64.ActiveCfg = Release|Any CPU
		{8E07ACE0-848B-4877-A07C-F685B28315C3}.Release|x64.Build.0 = Release|Any CPU
		{8E07ACE0-848B-4877-A07C-F685B28315C3}.Release|x86.ActiveCfg = Release|Any CPU
		{8E07ACE0-848B-4877-A07C-F685B28315C3}.Release|x86.Build.0 = Release|Any CPU
		{BE1FCE38-9293-4D03-87AF-663A429E68BA}.Debug|Any CPU.ActiveCfg = Debug|Any CPU
		{BE1FCE38-9293-4D03-87AF-663A429E68BA}.Debug|Any CPU.Build.0 = Debug|Any CPU
		{BE1FCE38-9293-4D03-87AF-663A429E68BA}.Debug|x64.ActiveCfg = Debug|Any CPU
		{BE1FCE38-9293-4D03-87AF-663A429E68BA}.Debug|x64.Build.0 = Debug|Any CPU
		{BE1FCE38-9293-4D03-87AF-663A429E68BA}.Debug|x86.ActiveCfg = Debug|Any CPU
		{BE1FCE38-9293-4D03-87AF-663A429E68BA}.Debug|x86.Build.0 = Debug|Any CPU
		{BE1FCE38-9293-4D03-87AF-663A429E68BA}.Release|Any CPU.ActiveCfg = Release|Any CPU
		{BE1FCE38-9293-4D03-87AF-663A429E68BA}.Release|Any CPU.Build.0 = Release|Any CPU
		{BE1FCE38-9293-4D03-87AF-663A429E68BA}.Release|x64.ActiveCfg = Release|Any CPU
		{BE1FCE38-9293-4D03-87AF-663A429E68BA}.Release|x64.Build.0 = Release|Any CPU
		{BE1FCE38-9293-4D03-87AF-663A429E68BA}.Release|x86.ActiveCfg = Release|Any CPU
		{BE1FCE38-9293-4D03-87AF-663A429E68BA}.Release|x86.Build.0 = Release|Any CPU
		{472B8651-1464-4D7F-889F-02953094E8F1}.Debug|Any CPU.ActiveCfg = Debug|Any CPU
		{472B8651-1464-4D7F-889F-02953094E8F1}.Debug|Any CPU.Build.0 = Debug|Any CPU
		{472B8651-1464-4D7F-889F-02953094E8F1}.Debug|x64.ActiveCfg = Debug|Any CPU
		{472B8651-1464-4D7F-889F-02953094E8F1}.Debug|x64.Build.0 = Debug|Any CPU
		{472B8651-1464-4D7F-889F-02953094E8F1}.Debug|x86.ActiveCfg = Debug|Any CPU
		{472B8651-1464-4D7F-889F-02953094E8F1}.Debug|x86.Build.0 = Debug|Any CPU
		{472B8651-1464-4D7F-889F-02953094E8F1}.Release|Any CPU.ActiveCfg = Release|Any CPU
		{472B8651-1464-4D7F-889F-02953094E8F1}.Release|Any CPU.Build.0 = Release|Any CPU
		{472B8651-1464-4D7F-889F-02953094E8F1}.Release|x64.ActiveCfg = Release|Any CPU
		{472B8651-1464-4D7F-889F-02953094E8F1}.Release|x64.Build.0 = Release|Any CPU
		{472B8651-1464-4D7F-889F-02953094E8F1}.Release|x86.ActiveCfg = Release|Any CPU
		{472B8651-1464-4D7F-889F-02953094E8F1}.Release|x86.Build.0 = Release|Any CPU
	EndGlobalSection
	GlobalSection(SolutionProperties) = preSolution
		HideSolutionNode = FALSE
	EndGlobalSection
	GlobalSection(ExtensibilityGlobals) = postSolution
		SolutionGuid = {86612EED-6DC6-4576-9B92-C6E2CEB790A5}
	EndGlobalSection
EndGlobal
